# This file is automatically @generated by Cargo.
# It is not intended for manual editing.
version = 3

[[package]]
name = "ManagingConditions"
version = "0.1.0"

[[package]]
name = "about"
version = "0.1.0"

[[package]]
name = "add_conditions"
version = "0.1.0"

[[package]]
name = "adding_custom_failure_messages"
version = "0.1.0"

[[package]]
name = "advanced_errors"
version = "0.1.0"

[[package]]
name = "advanced_errors_2"
version = "0.1.0"

[[package]]
name = "arc1"
version = "0.1.0"
dependencies = [
 "escargot",
]

[[package]]
name = "arrays"
version = "0.1.0"

[[package]]
name = "asref_and_asmut"
version = "0.1.0"

[[package]]
name = "assert"
version = "0.1.0"

[[package]]
name = "assert_eq"
version = "0.1.0"

[[package]]
name = "boolean"
version = "0.1.0"

[[package]]
name = "borrow"
version = "0.1.0"

[[package]]
name = "box_task"
version = "0.1.0"

[[package]]
name = "bringing_paths_into_scope_with_the_use_keyword"
version = "0.1.0"

[[package]]
name = "calculate_price"
version = "0.1.0"

[[package]]
name = "calling_a_macro"
version = "0.1.0"

[[package]]
name = "capitalize_first"
version = "0.1.0"

[[package]]
name = "cfg-if"
version = "1.0.0"
source = "registry+https://github.com/rust-lang/crates.io-index"
checksum = "baf1de4339761588bc0619e3cbc0120ee582ebb74b53b4efbf79117bd2da40fd"

[[package]]
name = "charcaters"
version = "0.1.0"

[[package]]
name = "compound_types"
version = "0.1.0"

[[package]]
name = "count_progress"
version = "0.1.0"

[[package]]
name = "course_view"
version = "0.1.0"

[[package]]
name = "declaring_a_hashmap"
version = "0.1.0"

[[package]]
name = "declaring_a_vector"
version = "0.1.0"

[[package]]
name = "define_an_enum"
version = "0.1.0"

[[package]]
name = "defining_a_function"
version = "0.1.0"

[[package]]
name = "defining_an_enum"
version = "0.1.0"

[[package]]
name = "defining_structs"
version = "0.1.0"

[[package]]
name = "differences_between_variables_and_constants"
version = "0.1.0"

[[package]]
name = "editor"
version = "0.1.0"

[[package]]
name = "else_if"
version = "0.1.0"

[[package]]
name = "enum_variant_types"
version = "0.1.0"

[[package]]
name = "enums_intro"
version = "0.1.0"

[[package]]
name = "error_handling_intro"
version = "0.1.0"

[[package]]
name = "errors5"
version = "0.1.0"

[[package]]
name = "errors6"
version = "0.1.0"

[[package]]
name = "escargot"
version = "0.5.7"
source = "registry+https://github.com/rust-lang/crates.io-index"
checksum = "f5584ba17d7ab26a8a7284f13e5bd196294dd2f2d79773cff29b9e9edef601a6"
dependencies = [
 "log",
 "once_cell",
 "serde",
 "serde_json",
]

[[package]]
name = "example_structs"
version = "0.1.0"

[[package]]
name = "extensible_concurrency_with_the_sync_and_send_traits"
version = "0.1.0"

[[package]]
name = "from_into"
version = "0.1.0"

[[package]]
name = "fromstr"
version = "0.1.0"

[[package]]
name = "functions_intro"
version = "0.1.0"

[[package]]
name = "functions_new_ide"
version = "0.1.0"

[[package]]
name = "generic_data_types"
version = "0.1.0"

[[package]]
name = "generic_types_intro"
version = "0.1.0"

[[package]]
name = "generics_in_structs"
version = "0.1.0"

[[package]]
name = "generics_in_vec"
version = "0.1.0"

[[package]]
name = "hashmaps"
version = "0.1.0"

[[package]]
name = "hello_world"
version = "0.1.0"
dependencies = [
 "escargot",
]

[[package]]
name = "how_to_write_tests"
version = "0.1.0"

[[package]]
name = "if_intro"
version = "0.1.0"

[[package]]
name = "if_let"
version = "0.1.0"

[[package]]
name = "if_task"
version = "0.1.0"

[[package]]
name = "implement_a_macro"
version = "0.1.0"

[[package]]
name = "implement_match"
version = "0.1.0"

[[package]]
name = "initiate_struct"
version = "0.1.0"

[[package]]
name = "installation"
version = "0.1.0"

[[package]]
name = "intro"
version = "0.1.0"

[[package]]
name = "intro_tests"
version = "0.1.0"

[[package]]
name = "iterable_collection"
version = "0.1.0"

[[package]]
name = "iterator3"
version = "0.1.0"

[[package]]
name = "iterators4"
version = "0.1.0"

[[package]]
name = "itoa"
version = "1.0.1"
source = "registry+https://github.com/rust-lang/crates.io-index"
checksum = "1aab8fc367588b89dcee83ab0fd66b72b50b72fa1904d7095045ace2b0c81c35"

[[package]]
name = "lifetime_syntax"
version = "0.1.0"

[[package]]
name = "log"
version = "0.4.16"
source = "registry+https://github.com/rust-lang/crates.io-index"
checksum = "6389c490849ff5bc16be905ae24bc913a9c8892e19b2341dbc175e14c341c2b8"
dependencies = [
 "cfg-if",
]

[[package]]
name = "loop_over_a_vector"
version = "0.1.0"

[[package]]
name = "macro_arms"
version = "0.1.0"

[[package]]
name = "macros2"
version = "0.1.0"

[[package]]
name = "macros3"
version = "0.1.0"

[[package]]
name = "macros_intro"
version = "0.1.0"

[[package]]
name = "match_operator"
version = "0.1.0"

[[package]]
name = "matching_result"
version = "0.1.0"

[[package]]
name = "matching_result_2"
version = "0.1.0"

[[package]]
name = "method_syntax"
version = "0.1.0"

[[package]]
name = "modifying_a_hashmap"
version = "0.1.0"

[[package]]
name = "modules3"
version = "0.1.0"

[[package]]
name = "modules_intro"
version = "0.1.0"

[[package]]
name = "move_semantics_intro"
version = "0.1.0"

[[package]]
name = "mutable"
version = "0.1.0"
dependencies = [
 "escargot",
]

[[package]]
name = "mutable_argument"
version = "0.1.0"
dependencies = [
 "escargot",
]

[[package]]
name = "navigating_around"
version = "0.1.0"

[[package]]
name = "once_cell"
version = "1.10.0"
source = "registry+https://github.com/rust-lang/crates.io-index"
checksum = "87f3e037eac156d1775da914196f0f37741a274155e34a0b7e427c35d2a2ecb9"

[[package]]
name = "option3"
version = "0.1.0"

[[package]]
name = "optional_value"
version = "0.1.0"

[[package]]
name = "passing_an_argument"
version = "0.1.0"

[[package]]
name = "paths_for_referring_to_an_item_in_the_module_tree"
version = "0.1.0"

[[package]]
name = "proc-macro2"
version = "1.0.36"
source = "registry+https://github.com/rust-lang/crates.io-index"
checksum = "c7342d5883fbccae1cc37a2353b09c87c9b0f3afd73f5fb9bba687a1f733b029"
dependencies = [
 "unicode-xid",
]

[[package]]
name = "public_modifier"
version = "0.1.0"
dependencies = [
 "escargot",
]

[[package]]
name = "public_modifier_2"
version = "0.1.0"
dependencies = [
 "escargot",
]

[[package]]
name = "quote"
version = "1.0.17"
source = "registry+https://github.com/rust-lang/crates.io-index"
checksum = "632d02bff7f874a36f33ea8bb416cd484b90cc66c1194b1a1110d067a7013f58"
dependencies = [
 "proc-macro2",
]

[[package]]
name = "recoverable_errors_with_result"
version = "0.1.0"

[[package]]
name = "references_and_borrowing"
version = "0.1.0"

[[package]]
name = "repetition_with_loops"
version = "0.1.0"

[[package]]
name = "result1"
version = "0.1.0"

[[package]]
name = "return_a_value"
version = "0.1.0"

[[package]]
name = "return_type"
version = "0.1.0"

[[package]]
name = "returning_a_string"
version = "0.1.0"

[[package]]
name = "returning_result"
version = "0.1.0"

[[package]]
name = "running_tests"
version = "0.1.0"

[[package]]
name = "ryu"
version = "1.0.9"
source = "registry+https://github.com/rust-lang/crates.io-index"
checksum = "73b4b750c782965c211b42f022f59af1fbceabdd026623714f104152f1ec149f"

[[package]]
name = "scalar_types"
version = "0.1.0"

[[package]]
name = "separating_modules_into_different_files"
version = "0.1.0"

[[package]]
name = "serde"
version = "1.0.136"
source = "registry+https://github.com/rust-lang/crates.io-index"
checksum = "ce31e24b01e1e524df96f1c2fdd054405f8d7376249a5110886fb4b658484789"
dependencies = [
 "serde_derive",
]

[[package]]
name = "serde_derive"
version = "1.0.136"
source = "registry+https://github.com/rust-lang/crates.io-index"
checksum = "08597e7152fcd306f41838ed3e37be9eaeed2b61c42e2117266a554fab4662f9"
dependencies = [
 "proc-macro2",
 "quote",
 "syn",
]

[[package]]
name = "serde_json"
version = "1.0.79"
source = "registry+https://github.com/rust-lang/crates.io-index"
checksum = "8e8d9fa5c3b304765ce1fd9c4c8a3de2c8db365a5b91be52f186efc675681d95"
dependencies = [
 "itoa",
 "ryu",
 "serde",
]

[[package]]
name = "shadowing"
version = "0.1.0"

[[package]]
name = "shared_state_concurrency"
version = "0.1.0"

[[package]]
name = "show_type"
version = "0.1.0"

[[package]]
name = "slices"
version = "0.1.0"
dependencies = [
 "escargot",
]

[[package]]
name = "statements_and_expressions"
version = "0.1.0"

[[package]]
name = "stdlib_intro"
version = "0.1.0"

[[package]]
name = "string_slice"
version = "0.1.0"

[[package]]
name = "string_trait"
version = "0.1.0"

[[package]]
name = "strings_and_strs"
version = "0.1.0"
dependencies = [
 "escargot",
]

[[package]]
name = "strings_intro"
version = "0.1.0"

[[package]]
name = "struct_logic"
version = "0.1.0"

[[package]]
name = "struct_update"
version = "0.1.0"

[[package]]
name = "structs_intro"
version = "0.1.0"

[[package]]
name = "submodules"
version = "0.1.0"

[[package]]
name = "syn"
version = "1.0.90"
source = "registry+https://github.com/rust-lang/crates.io-index"
checksum = "704df27628939572cd88d33f171cd6f896f4eaca85252c6e0a72d8d8287ee86f"
dependencies = [
 "proc-macro2",
 "quote",
 "unicode-xid",
]

[[package]]
name = "task9"
version = "0.1.0"

[[package]]
name = "task_description"
version = "0.1.0"

[[package]]
name = "test_organization"
version = "0.1.0"

[[package]]
name = "testing_task"
version = "0.1.0"

[[package]]
name = "the_slice_type"
version = "0.1.0"

[[package]]
name = "threads"
version = "0.1.0"
dependencies = [
 "escargot",
]

[[package]]
name = "threads_intro"
version = "0.1.0"

[[package]]
name = "times_two_tests"
version = "0.1.0"

[[package]]
name = "to_panic_or_not_to_panic"
version = "0.1.0"

[[package]]
name = "trait_bound_syntax"
version = "0.1.0"

[[package]]
name = "traits"
version = "0.1.0"

[[package]]
name = "try_from_into"
version = "0.1.0"

[[package]]
name = "tuple_index"
version = "0.1.0"
dependencies = [
 "escargot",
]

[[package]]
name = "tuples"
version = "0.1.0"
dependencies = [
 "escargot",
]

[[package]]
name = "type_annotation_of_a_parameter"
version = "0.1.0"

[[package]]
name = "unicode-xid"
version = "0.2.2"
source = "registry+https://github.com/rust-lang/crates.io-index"
checksum = "8ccb82d61f80a663efe1f787a51b16b5a51e3314d6ac365b08639f52387b33f3"

[[package]]
name = "use_option"
version = "0.1.0"

[[package]]
name = "using_as"
version = "0.1.0"

[[package]]
name = "using_message_passing_to_transfer_data_between_threads"
version = "0.1.0"

[[package]]
name = "using_threads_to_run_code_simultaneously"
version = "0.1.0"

[[package]]
name = "variables1"
version = "0.1.0"

[[package]]
name = "variables2"
version = "0.1.0"

[[package]]
name = "variables3"
version = "0.1.0"

[[package]]
name = "variables4"
version = "0.1.0"

[[package]]
name = "variables5"
version = "0.1.0"

[[package]]
name = "variables6"
version = "0.1.0"

[[package]]
name = "variables_and_mutability"
version = "0.1.0"

[[package]]
name = "variables_intro"
version = "0.1.0"

[[package]]
name = "variables_new_ide"
version = "0.1.0"

[[package]]
name = "vec_trait"
version = "0.1.0"

[[package]]
name = "vectors"
version = "0.1.0"

[[package]]
name = "without_arguments"
version = "0.1.0"
dependencies = [
 "escargot",
]
